
Microsoft Visual Studio Solution File, Format Version 12.00
# Visual Studio 2012
Project("{2150E333-8FDC-42A3-9474-1A3956D46DE8}") = "src", "src", "{E023DFE9-D9E7-45FE-B5DE-1F554EFA1A06}"
EndProject
Project("{2150E333-8FDC-42A3-9474-1A3956D46DE8}") = "tests", "tests", "{C15EDEE6-A262-4E0D-8471-ABA64426FA54}"
EndProject
Project("{FAE04EC0-301F-11D3-BF4B-00C04F79EFBC}") = "PortalConhecimento.Domain", "src\Core\PortalConhecimento.Domain\PortalConhecimento.Domain.csproj", "{23C43B00-0B8A-41B3-B49A-6AE179BF9468}"
EndProject
Project("{FAE04EC0-301F-11D3-BF4B-00C04F79EFBC}") = "PortalConhecimento.Infrastructure", "src\Core\PortalConhecimento.Infrastructure\PortalConhecimento.Infrastructure.csproj", "{305D98DA-1294-4E8F-BCE0-CCB4D157BDA4}"
EndProject
Project("{FAE04EC0-301F-11D3-BF4B-00C04F79EFBC}") = "PortalConhecimento.UI.Web", "src\UI\PortalConhecimento.UI.Web\PortalConhecimento.UI.Web.csproj", "{D0CDD47E-1894-4EF4-9B62-EFA30F5EFFC0}"
EndProject
Project("{FAE04EC0-301F-11D3-BF4B-00C04F79EFBC}") = "PortalConhecimento.Security", "src\Core\PortalConhecimento.Security\PortalConhecimento.Security.csproj", "{DE740F9E-5430-4D11-B77A-ADA1929D8FE8}"
EndProject
Project("{FAE04EC0-301F-11D3-BF4B-00C04F79EFBC}") = "PortalConhecimento.ComponentModel", "src\Core\PortalConhecimento.ComponentModel\PortalConhecimento.ComponentModel.csproj", "{BA6F08AF-657F-4EB0-B0F2-2C684AFC435D}"
EndProject
Global
	GlobalSection(SolutionConfigurationPlatforms) = preSolution
		Debug|Any CPU = Debug|Any CPU
		Release|Any CPU = Release|Any CPU
	EndGlobalSection
	GlobalSection(ProjectConfigurationPlatforms) = postSolution
		{23C43B00-0B8A-41B3-B49A-6AE179BF9468}.Debug|Any CPU.ActiveCfg = Debug|Any CPU
		{23C43B00-0B8A-41B3-B49A-6AE179BF9468}.Debug|Any CPU.Build.0 = Debug|Any CPU
		{23C43B00-0B8A-41B3-B49A-6AE179BF9468}.Release|Any CPU.ActiveCfg = Release|Any CPU
		{23C43B00-0B8A-41B3-B49A-6AE179BF9468}.Release|Any CPU.Build.0 = Release|Any CPU
		{305D98DA-1294-4E8F-BCE0-CCB4D157BDA4}.Debug|Any CPU.ActiveCfg = Debug|Any CPU
		{305D98DA-1294-4E8F-BCE0-CCB4D157BDA4}.Debug|Any CPU.Build.0 = Debug|Any CPU
		{305D98DA-1294-4E8F-BCE0-CCB4D157BDA4}.Release|Any CPU.ActiveCfg = Release|Any CPU
		{305D98DA-1294-4E8F-BCE0-CCB4D157BDA4}.Release|Any CPU.Build.0 = Release|Any CPU
		{D0CDD47E-1894-4EF4-9B62-EFA30F5EFFC0}.Debug|Any CPU.ActiveCfg = Debug|Any CPU
		{D0CDD47E-1894-4EF4-9B62-EFA30F5EFFC0}.Debug|Any CPU.Build.0 = Debug|Any CPU
		{D0CDD47E-1894-4EF4-9B62-EFA30F5EFFC0}.Release|Any CPU.ActiveCfg = Release|Any CPU
		{D0CDD47E-1894-4EF4-9B62-EFA30F5EFFC0}.Release|Any CPU.Build.0 = Release|Any CPU
		{DE740F9E-5430-4D11-B77A-ADA1929D8FE8}.Debug|Any CPU.ActiveCfg = Debug|Any CPU
		{DE740F9E-5430-4D11-B77A-ADA1929D8FE8}.Debug|Any CPU.Build.0 = Debug|Any CPU
		{DE740F9E-5430-4D11-B77A-ADA1929D8FE8}.Release|Any CPU.ActiveCfg = Release|Any CPU
		{DE740F9E-5430-4D11-B77A-ADA1929D8FE8}.Release|Any CPU.Build.0 = Release|Any CPU
		{BA6F08AF-657F-4EB0-B0F2-2C684AFC435D}.Debug|Any CPU.ActiveCfg = Debug|Any CPU
		{BA6F08AF-657F-4EB0-B0F2-2C684AFC435D}.Debug|Any CPU.Build.0 = Debug|Any CPU
		{BA6F08AF-657F-4EB0-B0F2-2C684AFC435D}.Release|Any CPU.ActiveCfg = Release|Any CPU
		{BA6F08AF-657F-4EB0-B0F2-2C684AFC435D}.Release|Any CPU.Build.0 = Release|Any CPU
	EndGlobalSection
	GlobalSection(SolutionProperties) = preSolution
		HideSolutionNode = FALSE
	EndGlobalSection
	GlobalSection(NestedProjects) = preSolution
		{23C43B00-0B8A-41B3-B49A-6AE179BF9468} = {E023DFE9-D9E7-45FE-B5DE-1F554EFA1A06}
		{305D98DA-1294-4E8F-BCE0-CCB4D157BDA4} = {E023DFE9-D9E7-45FE-B5DE-1F554EFA1A06}
		{D0CDD47E-1894-4EF4-9B62-EFA30F5EFFC0} = {E023DFE9-D9E7-45FE-B5DE-1F554EFA1A06}
		{DE740F9E-5430-4D11-B77A-ADA1929D8FE8} = {E023DFE9-D9E7-45FE-B5DE-1F554EFA1A06}
		{BA6F08AF-657F-4EB0-B0F2-2C684AFC435D} = {E023DFE9-D9E7-45FE-B5DE-1F554EFA1A06}
	EndGlobalSection
EndGlobal
